// !$*UTF8*$!
{
	archiveVersion = 1;
	classes = {
	};
	objectVersion = 48;
	objects = {

/* Begin PBXBuildFile section */
		CA2E04C11F97D4BD003744F0 /* AppDelegate.swift in Sources */ = {isa = PBXBuildFile; fileRef = CA2E04C01F97D4BD003744F0 /* AppDelegate.swift */; };
		CA2E04C31F97D4BD003744F0 /* ReceivingVC.swift in Sources */ = {isa = PBXBuildFile; fileRef = CA2E04C21F97D4BD003744F0 /* ReceivingVC.swift */; };
		CA2E04C61F97D4BD003744F0 /* Main.storyboard in Resources */ = {isa = PBXBuildFile; fileRef = CA2E04C41F97D4BD003744F0 /* Main.storyboard */; };
		CA2E04C91F97D4BD003744F0 /* DelegateMayhem.xcdatamodeld in Sources */ = {isa = PBXBuildFile; fileRef = CA2E04C71F97D4BD003744F0 /* DelegateMayhem.xcdatamodeld */; };
		CA2E04CB1F97D4BD003744F0 /* Assets.xcassets in Resources */ = {isa = PBXBuildFile; fileRef = CA2E04CA1F97D4BD003744F0 /* Assets.xcassets */; };
		CA2E04CE1F97D4BD003744F0 /* LaunchScreen.storyboard in Resources */ = {isa = PBXBuildFile; fileRef = CA2E04CC1F97D4BD003744F0 /* LaunchScreen.storyboard */; };
		CA2E04D61F97D521003744F0 /* SendingVC.swift in Sources */ = {isa = PBXBuildFile; fileRef = CA2E04D51F97D521003744F0 /* SendingVC.swift */; };
/* End PBXBuildFile section */

/* Begin PBXFileReference section */
		CA2E04BD1F97D4BD003744F0 /* DelegateMayhem.app */ = {isa = PBXFileReference; explicitFileType = wrapper.application; includeInIndex = 0; path = DelegateMayhem.app; sourceTree = BUILT_PRODUCTS_DIR; };
		CA2E04C01F97D4BD003744F0 /* AppDelegate.swift */ = {isa = PBXFileReference; lastKnownFileType = sourcecode.swift; path = AppDelegate.swift; sourceTree = "<group>"; };
		CA2E04C21F97D4BD003744F0 /* ReceivingVC.swift */ = {isa = PBXFileReference; lastKnownFileType = sourcecode.swift; path = ReceivingVC.swift; sourceTree = "<group>"; };
		CA2E04C51F97D4BD003744F0 /* Base */ = {isa = PBXFileReference; lastKnownFileType = file.storyboard; name = Base; path = Base.lproj/Main.storyboard; sourceTree = "<group>"; };
		CA2E04C81F97D4BD003744F0 /* DelegateMayhem.xcdatamodel */ = {isa = PBXFileReference; lastKnownFileType = wrapper.xcdatamodel; path = DelegateMayhem.xcdatamodel; sourceTree = "<group>"; };
		CA2E04CA1F97D4BD003744F0 /* Assets.xcassets */ = {isa = PBXFileReference; lastKnownFileType = folder.assetcatalog; path = Assets.xcassets; sourceTree = "<group>"; };
		CA2E04CD1F97D4BD003744F0 /* Base */ = {isa = PBXFileReference; lastKnownFileType = file.storyboard; name = Base; path = Base.lproj/LaunchScreen.storyboard; sourceTree = "<group>"; };
		CA2E04CF1F97D4BD003744F0 /* Info.plist */ = {isa = PBXFileReference; lastKnownFileType = text.plist.xml; path = Info.plist; sourceTree = "<group>"; };
		CA2E04D51F97D521003744F0 /* SendingVC.swift */ = {isa = PBXFileReference; lastKnownFileType = sourcecode.swift; path = SendingVC.swift; sourceTree = "<group>"; };
/* End PBXFileReference section */

/* Begin PBXFrameworksBuildPhase section */
		CA2E04BA1F97D4BD003744F0 /* Frameworks */ = {
			isa = PBXFrameworksBuildPhase;
			buildActionMask = 2147483647;
			files = (
			);
			runOnlyForDeploymentPostprocessing = 0;
		};
/* End PBXFrameworksBuildPhase section */

/* Begin PBXGroup section */
		CA2E04B41F97D4BD003744F0 = {
			isa = PBXGroup;
			children = (
				CA2E04BF1F97D4BD003744F0 /* DelegateMayhem */,
				CA2E04BE1F97D4BD003744F0 /* Products */,
			);
			sourceTree = "<group>";
		};
		CA2E04BE1F97D4BD003744F0 /* Products */ = {
			isa = PBXGroup;
			children = (
				CA2E04BD1F97D4BD003744F0 /* DelegateMayhem.app */,
			);
			name = Products;
			sourceTree = "<group>";
		};
		CA2E04BF1F97D4BD003744F0 /* DelegateMayhem */ = {
			isa = PBXGroup;
			children = (
				CA2E04C01F97D4BD003744F0 /* AppDelegate.swift */,
				CA2E04D51F97D521003744F0 /* SendingVC.swift */,
				CA2E04C21F97D4BD003744F0 /* ReceivingVC.swift */,
				CA2E04C41F97D4BD003744F0 /* Main.storyboard */,
				CA2E04CA1F97D4BD003744F0 /* Assets.xcassets */,
				CA2E04CC1F97D4BD003744F0 /* LaunchScreen.storyboard */,
				CA2E04CF1F97D4BD003744F0 /* Info.plist */,
				CA2E04C71F97D4BD003744F0 /* DelegateMayhem.xcdatamodeld */,
			);
			path = DelegateMayhem;
			sourceTree = "<group>";
		};
/* End PBXGroup section */

/* Begin PBXNativeTarget section */
		CA2E04BC1F97D4BD003744F0 /* DelegateMayhem */ = {
			isa = PBXNativeTarget;
			buildConfigurationList = CA2E04D21F97D4BD003744F0 /* Build configuration list for PBXNativeTarget "DelegateMayhem" */;
			buildPhases = (
				CA2E04B91F97D4BD003744F0 /* Sources */,
				CA2E04BA1F97D4BD003744F0 /* Frameworks */,
				CA2E04BB1F97D4BD003744F0 /* Resources */,
			);
			buildRules = (
			);
			dependencies = (
			);
			name = DelegateMayhem;
			productName = DelegateMayhem;
			productReference = CA2E04BD1F97D4BD003744F0 /* DelegateMayhem.app */;
			productType = "com.apple.product-type.application";
		};
/* End PBXNativeTarget section */

/* Begin PBXProject section */
		CA2E04B51F97D4BD003744F0 /* Project object */ = {
			isa = PBXProject;
			attributes = {
				LastSwiftUpdateCheck = 0900;
				LastUpgradeCheck = 0900;
				ORGANIZATIONNAME = "408 Industries";
				TargetAttributes = {
					CA2E04BC1F97D4BD003744F0 = {
						CreatedOnToolsVersion = 9.0.1;
						ProvisioningStyle = Automatic;
					};
				};
			};
			buildConfigurationList = CA2E04B81F97D4BD003744F0 /* Build configuration list for PBXProject "DelegateMayhem" */;
			compatibilityVersion = "Xcode 8.0";
			developmentRegion = en;
			hasScannedForEncodings = 0;
			knownRegions = (
				en,
				Base,
			);
			mainGroup = CA2E04B41F97D4BD003744F0;
			productRefGroup = CA2E04BE1F97D4BD003744F0 /* Products */;
			projectDirPath = "";
			projectRoot = "";
			targets = (
				CA2E04BC1F97D4BD003744F0 /* DelegateMayhem */,
			);
		};
/* End PBXProject section */

/* Begin PBXResourcesBuildPhase section */
		CA2E04BB1F97D4BD003744F0 /* Resources */ = {
			isa = PBXResourcesBuildPhase;
			buildActionMask = 2147483647;
			files = (
				CA2E04CE1F97D4BD003744F0 /* LaunchScreen.storyboard in Resources */,
				CA2E04CB1F97D4BD003744F0 /* Assets.xcassets in Resources */,
				CA2E04C61F97D4BD003744F0 /* Main.storyboard in Resources */,
			);
			runOnlyForDeploymentPostprocessing = 0;
		};
/* End PBXResourcesBuildPhase section */

/* Begin PBXSourcesBuildPhase section */
		CA2E04B91F97D4BD003744F0 /* Sources */ = {
			isa = PBXSourcesBuildPhase;
			buildActionMask = 2147483647;
			files = (
				CA2E04C91F97D4BD003744F0 /* DelegateMayhem.xcdatamodeld in Sources */,
				CA2E04C31F97D4BD003744F0 /* ReceivingVC.swift in Sources */,
				CA2E04C11F97D4BD003744F0 /* AppDelegate.swift in Sources */,
				CA2E04D61F97D521003744F0 /* SendingVC.swift in Sources */,
			);
			runOnlyForDeploymentPostprocessing = 0;
		};
/* End PBXSourcesBuildPhase section */

/* Begin PBXVariantGroup section */
		CA2E04C41F97D4BD003744F0 /* Main.storyboard */ = {
			isa = PBXVariantGroup;
			children = (
				CA2E04C51F97D4BD003744F0 /* Base */,
			);
			name = Main.storyboard;
			sourceTree = "<group>";
		};
		CA2E04CC1F97D4BD003744F0 /* LaunchScreen.storyboard */ = {
			isa = PBXVariantGroup;
			children = (
				CA2E04CD1F97D4BD003744F0 /* Base */,
			);
			name = LaunchScreen.storyboard;
			sourceTree = "<group>";
		};
/* End PBXVariantGroup section */

/* Begin XCBuildConfiguration section */
		CA2E04D01F97D4BD003744F0 /* Debug */ = {
			isa = XCBuildConfiguration;
			buildSettings = {
				ALWAYS_SEARCH_USER_PATHS = NO;
				CLANG_ANALYZER_NONNULL = YES;
				CLANG_ANALYZER_NUMBER_OBJECT_CONVERSION = YES_AGGRESSIVE;
				CLANG_CXX_LANGUAGE_STANDARD = "gnu++14";
				CLANG_CXX_LIBRARY = "libc++";
				CLANG_ENABLE_MODULES = YES;
				CLANG_ENABLE_OBJC_ARC = YES;
				CLANG_WARN_BLOCK_CAPTURE_AUTORELEASING = YES;
				CLANG_WARN_BOOL_CONVERSION = YES;
				CLANG_WARN_COMMA = YES;
				CLANG_WARN_CONSTANT_CONVERSION = YES;
				CLANG_WARN_DIRECT_OBJC_ISA_USAGE = YES_ERROR;
				CLANG_WARN_DOCUMENTATION_COMMENTS = YES;
				CLANG_WARN_EMPTY_BODY = YES;
				CLANG_WARN_ENUM_CONVERSION = YES;
				CLANG_WARN_INFINITE_RECURSION = YES;
				CLANG_WARN_INT_CONVERSION = YES;
				CLANG_WARN_NON_LITERAL_NULL_CONVERSION = YES;
				CLANG_WARN_OBJC_LITERAL_CONVERSION = YES;
				CLANG_WARN_OBJC_ROOT_CLASS = YES_ERROR;
				CLANG_WARN_RANGE_LOOP_ANALYSIS = YES;
				CLANG_WARN_STRICT_PROTOTYPES = YES;
				CLANG_WARN_SUSPICIOUS_MOVE = YES;
				CLANG_WARN_UNGUARDED_AVAILABILITY = YES_AGGRESSIVE;
				CLANG_WARN_UNREACHABLE_CODE = YES;
				CLANG_WARN__DUPLICATE_METHOD_MATCH = YES;
				CODE_SIGN_IDENTITY = "iPhone Developer";
				COPY_PHASE_STRIP = NO;
				DEBUG_INFORMATION_FORMAT = dwarf;
				ENABLE_STRICT_OBJC_MSGSEND = YES;
				ENABLE_TESTABILITY = YES;
				GCC_C_LANGUAGE_STANDARD = gnu11;
				GCC_DYNAMIC_NO_PIC = NO;
				GCC_NO_COMMON_BLOCKS = YES;
				GCC_OPTIMIZATION_LEVEL = 0;
				GCC_PREPROCESSOR_DEFINITIONS = (
					"DEBUG=1",
					"$(inherited)",
				);
				GCC_WARN_64_TO_32_BIT_CONVERSION = YES;
				GCC_WARN_ABOUT_RETURN_TYPE = YES_ERROR;
				GCC_WARN_UNDECLARED_SELECTOR = YES;
				GCC_WARN_UNINITIALIZED_AUTOS = YES_AGGRESSIVE;
				GCC_WARN_UNUSED_FUNCTION = YES;
				GCC_WARN_UNUSED_VARIABLE = YES;
				IPHONEOS_DEPLOYMENT_TARGET = 11.0;
				MTL_ENABLE_DEBUG_INFO = YES;
				ONLY_ACTIVE_ARCH = YES;
				SDKROOT = iphoneos;
				SWIFT_ACTIVE_COMPILATION_CONDITIONS = DEBUG;
				SWIFT_OPTIMIZATION_LEVEL = "-Onone";
			};
			name = Debug;
		};
		CA2E04D11F97D4BD003744F0 /* Release */ = {
			isa = XCBuildConfiguration;
			buildSettings = {
				ALWAYS_SEARCH_USER_PATHS = NO;
				CLANG_ANALYZER_NONNULL = YES;
				CLANG_ANALYZER_NUMBER_OBJECT_CONVERSION = YES_AGGRESSIVE;
				CLANG_CXX_LANGUAGE_STANDARD = "gnu++14";
				CLANG_CXX_LIBRARY = "libc++";
				CLANG_ENABLE_MODULES = YES;
				CLANG_ENABLE_OBJC_ARC = YES;
				CLANG_WARN_BLOCK_CAPTURE_AUTORELEASING = YES;
				CLANG_WARN_BOOL_CONVERSION = YES;
				CLANG_WARN_COMMA = YES;
				CLANG_WARN_CONSTANT_CONVERSION = YES;
				CLANG_WARN_DIRECT_OBJC_ISA_USAGE = YES_ERROR;
				CLANG_WARN_DOCUMENTATION_COMMENTS = YES;
				CLANG_WARN_EMPTY_BODY = YES;
				CLANG_WARN_ENUM_CONVERSION = YES;
				CLANG_WARN_INFINITE_RECURSION = YES;
				CLANG_WARN_INT_CONVERSION = YES;
				CLANG_WARN_NON_LITERAL_NULL_CONVERSION = YES;
				CLANG_WARN_OBJC_LITERAL_CONVERSION = YES;
				CLANG_WARN_OBJC_ROOT_CLASS = YES_ERROR;
				CLANG_WARN_RANGE_LOOP_ANALYSIS = YES;
				CLANG_WARN_STRICT_PROTOTYPES = YES;
				CLANG_WARN_SUSPICIOUS_MOVE = YES;
				CLANG_WARN_UNGUARDED_AVAILABILITY = YES_AGGRESSIVE;
				CLANG_WARN_UNREACHABLE_CODE = YES;
				CLANG_WARN__DUPLICATE_METHOD_MATCH = YES;
				CODE_SIGN_IDENTITY = "iPhone Developer";
				COPY_PHASE_STRIP = NO;
				DEBUG_INFORMATION_FORMAT = "dwarf-with-dsym";
				ENABLE_NS_ASSERTIONS = NO;
				ENABLE_STRICT_OBJC_MSGSEND = YES;
				GCC_C_LANGUAGE_STANDARD = gnu11;
				GCC_NO_COMMON_BLOCKS = YES;
				GCC_WARN_64_TO_32_BIT_CONVERSION = YES;
				GCC_WARN_ABOUT_RETURN_TYPE = YES_ERROR;
				GCC_WARN_UNDECLARED_SELECTOR = YES;
				GCC_WARN_UNINITIALIZED_AUTOS = YES_AGGRESSIVE;
				GCC_WARN_UNUSED_FUNCTION = YES;
				GCC_WARN_UNUSED_VARIABLE = YES;
				IPHONEOS_DEPLOYMENT_TARGET = 11.0;
				MTL_ENABLE_DEBUG_INFO = NO;
				SDKROOT = iphoneos;
				SWIFT_OPTIMIZATION_LEVEL = "-Owholemodule";
				VALIDATE_PRODUCT = YES;
			};
			name = Release;
		};
		CA2E04D31F97D4BD003744F0 /* Debug */ = {
			isa = XCBuildConfiguration;
			buildSettings = {
				ASSETCATALOG_COMPILER_APPICON_NAME = AppIcon;
				CODE_SIGN_STYLE = Automatic;
				INFOPLIST_FILE = DelegateMayhem/Info.plist;
				LD_RUNPATH_SEARCH_PATHS = "$(inherited) @executable_path/Frameworks";
				PRODUCT_BUNDLE_IDENTIFIER = com.408industries.DelegateMayhem;
				PRODUCT_NAME = "$(TARGET_NAME)";
				SWIFT_VERSION = 4.0;
				TARGETED_DEVICE_FAMILY = "1,2";
			};
			name = Debug;
		};
		CA2E04D41F97D4BD003744F0 /* Release */ = {
			isa = XCBuildConfiguration;
			buildSettings = {
				ASSETCATALOG_COMPILER_APPICON_NAME = AppIcon;
				CODE_SIGN_STYLE = Automatic;
				INFOPLIST_FILE = DelegateMayhem/Info.plist;
				LD_RUNPATH_SEARCH_PATHS = "$(inherited) @executable_path/Frameworks";
				PRODUCT_BUNDLE_IDENTIFIER = com.408industries.DelegateMayhem;
				PRODUCT_NAME = "$(TARGET_NAME)";
				SWIFT_VERSION = 4.0;
				TARGETED_DEVICE_FAMILY = "1,2";
			};
			name = Release;
		};
/* End XCBuildConfiguration section */

/* Begin XCConfigurationList section */
		CA2E04B81F97D4BD003744F0 /* Build configuration list for PBXProject "DelegateMayhem" */ = {
			isa = XCConfigurationList;
			buildConfigurations = (
				CA2E04D01F97D4BD003744F0 /* Debug */,
				CA2E04D11F97D4BD003744F0 /* Release */,
			);
			defaultConfigurationIsVisible = 0;
			defaultConfigurationName = Release;
		};
		CA2E04D21F97D4BD003744F0 /* Build configuration list for PBXNativeTarget "DelegateMayhem" */ = {
			isa = XCConfigurationList;
			buildConfigurations = (
				CA2E04D31F97D4BD003744F0 /* Debug */,
				CA2E04D41F97D4BD003744F0 /* Release */,
			);
			defaultConfigurationIsVisible = 0;
			defaultConfigurationName = Release;
		};
/* End XCConfigurationList section */

/* Begin XCVersionGroup section */
		CA2E04C71F97D4BD003744F0 /* DelegateMayhem.xcdatamodeld */ = {
			isa = XCVersionGroup;
			children = (
				CA2E04C81F97D4BD003744F0 /* DelegateMayhem.xcdatamodel */,
			);
			currentVersion = CA2E04C81F97D4BD003744F0 /* DelegateMayhem.xcdatamodel */;
			path = DelegateMayhem.xcdatamodeld;
			sourceTree = "<group>";
			versionGroupType = wrapper.xcdatamodel;
		};
/* End XCVersionGroup section */
	};
	rootObject = CA2E04B51F97D4BD003744F0 /* Project object */;
}
